
Microsoft Visual Studio Solution File, Format Version 12.00
Project("{FAE04EC0-301F-11D3-BF4B-00C04F79EFBC}") = "DotaTwoTimer", "DotaTwoTimer\DotaTwoTimer.csproj", "{7DD69F25-716D-4504-BE1F-05A8EEDEBC4B}"
EndProject
Project("{FAE04EC0-301F-11D3-BF4B-00C04F79EFBC}") = "DAL", "DAL\DAL.csproj", "{2D168B8D-A526-4AB3-AC35-635D7477A6C5}"
EndProject
Global
	GlobalSection(SolutionConfigurationPlatforms) = preSolution
		Debug|Any CPU = Debug|Any CPU
		Release|Any CPU = Release|Any CPU
	EndGlobalSection
	GlobalSection(ProjectConfigurationPlatforms) = postSolution
		{7DD69F25-716D-4504-BE1F-05A8EEDEBC4B}.Debug|Any CPU.ActiveCfg = Debug|Any CPU
		{7DD69F25-716D-4504-BE1F-05A8EEDEBC4B}.Debug|Any CPU.Build.0 = Debug|Any CPU
		{7DD69F25-716D-4504-BE1F-05A8EEDEBC4B}.Release|Any CPU.ActiveCfg = Release|Any CPU
		{7DD69F25-716D-4504-BE1F-05A8EEDEBC4B}.Release|Any CPU.Build.0 = Release|Any CPU
		{2D168B8D-A526-4AB3-AC35-635D7477A6C5}.Debug|Any CPU.ActiveCfg = Debug|Any CPU
		{2D168B8D-A526-4AB3-AC35-635D7477A6C5}.Debug|Any CPU.Build.0 = Debug|Any CPU
		{2D168B8D-A526-4AB3-AC35-635D7477A6C5}.Release|Any CPU.ActiveCfg = Release|Any CPU
		{2D168B8D-A526-4AB3-AC35-635D7477A6C5}.Release|Any CPU.Build.0 = Release|Any CPU
	EndGlobalSection
EndGlobal
